
Microsoft Visual Studio Solution File, Format Version 9.00
# Visual Studio 2005
Project("{FAE04EC0-301F-11D3-BF4B-00C04F79EFBC}") = "Vibz.Studio", "Vibz.Studio\Vibz.Studio.csproj", "{0315E27A-5C8F-4EE2-95FD-8C4891A2B33A}"
	ProjectSection(ProjectDependencies) = postProject
		{D7EB9037-B879-4721-A74E-E913D45A2448} = {D7EB9037-B879-4721-A74E-E913D45A2448}
		{FC55DC4E-30C0-4BB8-AF3F-21BA5BC83EE0} = {FC55DC4E-30C0-4BB8-AF3F-21BA5BC83EE0}
		{DF496459-386E-4C51-999A-009CA3373850} = {DF496459-386E-4C51-999A-009CA3373850}
		{5A3F5998-9C10-4C04-8BC4-8583A5631C0C} = {5A3F5998-9C10-4C04-8BC4-8583A5631C0C}
		{5FB62399-E54A-455A-8C06-8BDE6EF6CFFF} = {5FB62399-E54A-455A-8C06-8BDE6EF6CFFF}
		{9F571CE5-7A82-4EE9-AA0F-FF1F7718AA22} = {9F571CE5-7A82-4EE9-AA0F-FF1F7718AA22}
	EndProjectSection
EndProject
Project("{FAE04EC0-301F-11D3-BF4B-00C04F79EFBC}") = "Vibz", "Vibz\Vibz.csproj", "{5FB62399-E54A-455A-8C06-8BDE6EF6CFFF}"
EndProject
Project("{FAE04EC0-301F-11D3-BF4B-00C04F79EFBC}") = "VibzProjectTemplate", "VibzProjectTemplate\VibzProjectTemplate.csproj", "{79BA8369-0914-4A3B-9E34-B685274A07F7}"
EndProject
Project("{FAE04EC0-301F-11D3-BF4B-00C04F79EFBC}") = "Vibz.Solution", "Vibz.Project\Vibz.Solution.csproj", "{D797FB3B-A4AF-4E4A-BEB2-F5D377DA8D0E}"
	ProjectSection(ProjectDependencies) = postProject
		{D7EB9037-B879-4721-A74E-E913D45A2448} = {D7EB9037-B879-4721-A74E-E913D45A2448}
		{5FB62399-E54A-455A-8C06-8BDE6EF6CFFF} = {5FB62399-E54A-455A-8C06-8BDE6EF6CFFF}
	EndProjectSection
EndProject
Project("{FAE04EC0-301F-11D3-BF4B-00C04F79EFBC}") = "Vibz.Contract", "Vibz.Contract\Vibz.Contract.csproj", "{D7EB9037-B879-4721-A74E-E913D45A2448}"
EndProject
Project("{54435603-DBB4-11D2-8724-00A0C9A8B90C}") = "AutomationStudio", "AutomationStudio\AutomationStudio.vdproj", "{B64B586E-8568-4623-9AB7-8D8DE8B071CC}"
EndProject
Project("{2150E333-8FDC-42A3-9474-1A3956D46DE8}") = "SetupFiles", "SetupFiles", "{FF81C974-2F1D-4372-99FA-954938B31F0D}"
	ProjectSection(SolutionItems) = preProject
		binaries\apidoc.xsl = binaries\apidoc.xsl
		SetupFiles\vibz.reg = SetupFiles\vibz.reg
	EndProjectSection
EndProject
Project("{FAE04EC0-301F-11D3-BF4B-00C04F79EFBC}") = "Vibz.Plugin", "Vibz.Plugin\Vibz.Plugin.csproj", "{EA74C317-C2E1-4AB1-85E2-F0E7EA376170}"
EndProject
Project("{FAE04EC0-301F-11D3-BF4B-00C04F79EFBC}") = "Vibz.Options", "Vibz.Options\Vibz.Options.csproj", "{9C4474AC-33AE-4B8C-964E-1E8272BE69B3}"
EndProject
Project("{2150E333-8FDC-42A3-9474-1A3956D46DE8}") = "Template", "Template", "{EB752A28-5B41-4F71-BFB9-A70ADDFBB7DC}"
EndProject
Project("{2150E333-8FDC-42A3-9474-1A3956D46DE8}") = "NewProject", "NewProject", "{A8E39275-E33B-431E-837C-CA6AAB6170A3}"
	ProjectSection(SolutionItems) = preProject
		binaries\Template\NewProject\App.config = binaries\Template\NewProject\App.config
		binaries\Template\NewProject\case1.id = binaries\Template\NewProject\case1.id
		binaries\Template\NewProject\case1.tc = binaries\Template\NewProject\case1.tc
		binaries\Template\NewProject\global.ag = binaries\Template\NewProject\global.ag
		binaries\Template\NewProject\newproject.plg = binaries\Template\NewProject\newproject.plg
		binaries\Template\NewProject\template.vproj = binaries\Template\NewProject\template.vproj
	EndProjectSection
EndProject
Project("{FAE04EC0-301F-11D3-BF4B-00C04F79EFBC}") = "Vibz.Zip", "Vibz.Zip\Vibz.Zip.csproj", "{F70D16D8-A376-4832-9652-097DB58295C5}"
EndProject
Project("{FAE04EC0-301F-11D3-BF4B-00C04F79EFBC}") = "Vibz.Console", "Vibz.Console\Vibz.Console.csproj", "{67C7AD7F-42FF-4CD7-8306-9AFD2BD58A1A}"
EndProject
Project("{FAE04EC0-301F-11D3-BF4B-00C04F79EFBC}") = "Vibz.Service", "Vibz.Service\Vibz.Service.csproj", "{164355B2-9EE3-4B28-8A68-AD681E6B197A}"
EndProject
Project("{FAE04EC0-301F-11D3-BF4B-00C04F79EFBC}") = "Vibz.Scheduler", "Vibz.Scheduler\Vibz.Scheduler.csproj", "{D366D87F-CDA4-437A-AA24-4984DC60ABEF}"
EndProject
Project("{FAE04EC0-301F-11D3-BF4B-00C04F79EFBC}") = "Vibz.Forms", "Vibz.Forms\Vibz.Forms.csproj", "{B144666C-9191-4BCA-9521-5A4EC001F818}"
EndProject
Project("{FAE04EC0-301F-11D3-BF4B-00C04F79EFBC}") = "Vibz.Interpreter", "Vibz.Interpreter\Vibz.Interpreter.csproj", "{9F571CE5-7A82-4EE9-AA0F-FF1F7718AA22}"
EndProject
Project("{54435603-DBB4-11D2-8724-00A0C9A8B90C}") = "AutomationFramework", "AutomationFramework\AutomationFramework.vdproj", "{703A0C9E-BDEC-4FD3-A05B-5599590860D2}"
EndProject
Project("{2150E333-8FDC-42A3-9474-1A3956D46DE8}") = "Extension", "Extension", "{8B57728A-64F0-4955-A5D8-27AABE32D72D}"
EndProject
Project("{FAE04EC0-301F-11D3-BF4B-00C04F79EFBC}") = "Vibz.Data", "Extension\Vibz.Data\Vibz.Data.csproj", "{F1DA7650-7964-478A-BD6E-BB0D4864725D}"
EndProject
Project("{FAE04EC0-301F-11D3-BF4B-00C04F79EFBC}") = "Vibz.IO", "Extension\Vibz.IO\Vibz.IO.csproj", "{5A3F5998-9C10-4C04-8BC4-8583A5631C0C}"
EndProject
Project("{FAE04EC0-301F-11D3-BF4B-00C04F79EFBC}") = "Vibz.Web", "Extension\Vibz.Web\Vibz.Web.csproj", "{DF496459-386E-4C51-999A-009CA3373850}"
EndProject
Project("{FAE04EC0-301F-11D3-BF4B-00C04F79EFBC}") = "Vibz.HTMLExtractor", "Extension\Vibz.HTMLExtractor\Vibz.HTMLExtractor.csproj", "{FC55DC4E-30C0-4BB8-AF3F-21BA5BC83EE0}"
EndProject
Project("{FAE04EC0-301F-11D3-BF4B-00C04F79EFBC}") = "Vibz.Macro", "Extension\Vibz.Macro\Vibz.Macro.csproj", "{AB8A7D36-2901-420C-A8C2-DCEEA8DBC053}"
EndProject
Project("{FAE04EC0-301F-11D3-BF4B-00C04F79EFBC}") = "Vibz.Report", "Extension\Vibz.Report\Vibz.Report.csproj", "{CC9B1BA0-61D9-4B45-B8CC-4485BA915C3E}"
EndProject
Project("{2150E333-8FDC-42A3-9474-1A3956D46DE8}") = "Web.Plugin", "Web.Plugin", "{C0C43757-B904-49A9-A97B-E786845F91CF}"
	ProjectSection(SolutionItems) = preProject
		Extension\Web.Plugin\browser.config = Extension\Web.Plugin\browser.config
		Extension\Web.Plugin\SgmlReaderDll.dll = Extension\Web.Plugin\SgmlReaderDll.dll
		Extension\Web.Plugin\web.plg = Extension\Web.Plugin\web.plg
	EndProjectSection
EndProject
Project("{2150E333-8FDC-42A3-9474-1A3956D46DE8}") = "Demonstrated", "Demonstrated", "{39D3FCF2-A5BC-4A2C-A8A1-DB1F6EB735ED}"
EndProject
Project("{FAE04EC0-301F-11D3-BF4B-00C04F79EFBC}") = "demo_ext_instruction", "Demo\demo_ext_instruction\demo_ext_instruction.csproj", "{C0487268-44B6-4EC3-8D5D-98E2BB0AE1C4}"
EndProject
Project("{FAE04EC0-301F-11D3-BF4B-00C04F79EFBC}") = "demo_ext_macro", "Demo\demo_ext_macro\demo_ext_macro.csproj", "{10CA53EC-0135-40F9-85C1-AEE88B5E437A}"
EndProject
Project("{2150E333-8FDC-42A3-9474-1A3956D46DE8}") = "Featured", "Featured", "{C036C176-E178-4CBC-81EF-A5B191490FE7}"
EndProject
Project("{FAE04EC0-301F-11D3-BF4B-00C04F79EFBC}") = "Vibz.Desktop", "Extension\Vibz.Desktop\Vibz.Desktop.csproj", "{3B70255C-94BB-4372-8635-23623323954A}"
EndProject
Project("{2150E333-8FDC-42A3-9474-1A3956D46DE8}") = "Instruction", "Instruction", "{3EFBF0F8-4488-4793-8B25-8B9755F25F1C}"
EndProject
Project("{2150E333-8FDC-42A3-9474-1A3956D46DE8}") = "Macro", "Macro", "{15558B18-232B-43A6-84D0-3F2BD4159977}"
EndProject
Project("{2150E333-8FDC-42A3-9474-1A3956D46DE8}") = "Data", "Data", "{3F06A8E7-5E43-4686-A214-352158DDFEF0}"
EndProject
Project("{2150E333-8FDC-42A3-9474-1A3956D46DE8}") = "Report", "Report", "{50531984-1188-4FB3-A6F2-D7EA6C0914FA}"
EndProject
Project("{2150E333-8FDC-42A3-9474-1A3956D46DE8}") = "Included", "Included", "{6A731729-7CA6-423A-BC9A-AE329F9B231D}"
EndProject
Project("{2150E333-8FDC-42A3-9474-1A3956D46DE8}") = "Data", "Data", "{F3A18DF5-0F68-4490-9BA4-19391E8EBBC3}"
EndProject
Project("{2150E333-8FDC-42A3-9474-1A3956D46DE8}") = "Instruction", "Instruction", "{E8670BF3-C9A5-4172-A5BF-41FE6E7D7B9C}"
EndProject
Project("{2150E333-8FDC-42A3-9474-1A3956D46DE8}") = "Macro", "Macro", "{53E4758E-FC5B-452F-A76E-158350EECE05}"
EndProject
Project("{2150E333-8FDC-42A3-9474-1A3956D46DE8}") = "Report", "Report", "{7549A2E9-0CF6-449D-AB23-1657D8F10657}"
EndProject
Project("{2150E333-8FDC-42A3-9474-1A3956D46DE8}") = "Data", "Data", "{9F9FF204-70AA-4FA1-A4AD-BAA409137F2B}"
EndProject
Project("{2150E333-8FDC-42A3-9474-1A3956D46DE8}") = "Instruction", "Instruction", "{C335DCB5-7746-4564-AEEB-0AEBD8CFDA40}"
EndProject
Project("{2150E333-8FDC-42A3-9474-1A3956D46DE8}") = "Macro", "Macro", "{30FA70B4-6BAA-4E73-970B-7AC1D1B8D725}"
EndProject
Project("{2150E333-8FDC-42A3-9474-1A3956D46DE8}") = "Report", "Report", "{A5259831-0A38-4747-AC28-374B52ADACE7}"
EndProject
Project("{2150E333-8FDC-42A3-9474-1A3956D46DE8}") = "WebSite", "WebSite", "{8B77C433-950E-4D2D-BB82-B31279C689C3}"
	ProjectSection(SolutionItems) = preProject
		WebSite\web.xml = WebSite\web.xml
		WebSite\web.xsl = WebSite\web.xsl
	EndProjectSection
EndProject
Project("{FAE04EC0-301F-11D3-BF4B-00C04F79EFBC}") = "Vibz.WinLive", "Extension\Vibz.WinLive\Vibz.WinLive.csproj", "{BE49EA23-4F07-4632-BA78-99A4CE18AA85}"
EndProject
Project("{FAE04EC0-301F-11D3-BF4B-00C04F79EFBC}") = "Vibz.Net", "Extension\Vibz.Net\Vibz.Net.csproj", "{C9FE8A25-6393-4E71-8D7F-587FBFF06B34}"
EndProject
Global
	GlobalSection(SolutionConfigurationPlatforms) = preSolution
		Debug|Any CPU = Debug|Any CPU
		Release|Any CPU = Release|Any CPU
	EndGlobalSection
	GlobalSection(ProjectConfigurationPlatforms) = postSolution
		{0315E27A-5C8F-4EE2-95FD-8C4891A2B33A}.Debug|Any CPU.ActiveCfg = Debug|Any CPU
		{0315E27A-5C8F-4EE2-95FD-8C4891A2B33A}.Debug|Any CPU.Build.0 = Debug|Any CPU
		{0315E27A-5C8F-4EE2-95FD-8C4891A2B33A}.Release|Any CPU.ActiveCfg = Release|Any CPU
		{0315E27A-5C8F-4EE2-95FD-8C4891A2B33A}.Release|Any CPU.Build.0 = Release|Any CPU
		{5FB62399-E54A-455A-8C06-8BDE6EF6CFFF}.Debug|Any CPU.ActiveCfg = Debug|Any CPU
		{5FB62399-E54A-455A-8C06-8BDE6EF6CFFF}.Debug|Any CPU.Build.0 = Debug|Any CPU
		{5FB62399-E54A-455A-8C06-8BDE6EF6CFFF}.Release|Any CPU.ActiveCfg = Release|Any CPU
		{5FB62399-E54A-455A-8C06-8BDE6EF6CFFF}.Release|Any CPU.Build.0 = Release|Any CPU
		{79BA8369-0914-4A3B-9E34-B685274A07F7}.Debug|Any CPU.ActiveCfg = Debug|Any CPU
		{79BA8369-0914-4A3B-9E34-B685274A07F7}.Debug|Any CPU.Build.0 = Debug|Any CPU
		{79BA8369-0914-4A3B-9E34-B685274A07F7}.Release|Any CPU.ActiveCfg = Release|Any CPU
		{D797FB3B-A4AF-4E4A-BEB2-F5D377DA8D0E}.Debug|Any CPU.ActiveCfg = Debug|Any CPU
		{D797FB3B-A4AF-4E4A-BEB2-F5D377DA8D0E}.Debug|Any CPU.Build.0 = Debug|Any CPU
		{D797FB3B-A4AF-4E4A-BEB2-F5D377DA8D0E}.Release|Any CPU.ActiveCfg = Release|Any CPU
		{D797FB3B-A4AF-4E4A-BEB2-F5D377DA8D0E}.Release|Any CPU.Build.0 = Release|Any CPU
		{D7EB9037-B879-4721-A74E-E913D45A2448}.Debug|Any CPU.ActiveCfg = Debug|Any CPU
		{D7EB9037-B879-4721-A74E-E913D45A2448}.Debug|Any CPU.Build.0 = Debug|Any CPU
		{D7EB9037-B879-4721-A74E-E913D45A2448}.Release|Any CPU.ActiveCfg = Release|Any CPU
		{D7EB9037-B879-4721-A74E-E913D45A2448}.Release|Any CPU.Build.0 = Release|Any CPU
		{B64B586E-8568-4623-9AB7-8D8DE8B071CC}.Debug|Any CPU.ActiveCfg = Debug
		{B64B586E-8568-4623-9AB7-8D8DE8B071CC}.Release|Any CPU.ActiveCfg = Release
		{EA74C317-C2E1-4AB1-85E2-F0E7EA376170}.Debug|Any CPU.ActiveCfg = Debug|Any CPU
		{EA74C317-C2E1-4AB1-85E2-F0E7EA376170}.Debug|Any CPU.Build.0 = Debug|Any CPU
		{EA74C317-C2E1-4AB1-85E2-F0E7EA376170}.Release|Any CPU.ActiveCfg = Release|Any CPU
		{EA74C317-C2E1-4AB1-85E2-F0E7EA376170}.Release|Any CPU.Build.0 = Release|Any CPU
		{9C4474AC-33AE-4B8C-964E-1E8272BE69B3}.Debug|Any CPU.ActiveCfg = Debug|Any CPU
		{9C4474AC-33AE-4B8C-964E-1E8272BE69B3}.Debug|Any CPU.Build.0 = Debug|Any CPU
		{9C4474AC-33AE-4B8C-964E-1E8272BE69B3}.Release|Any CPU.ActiveCfg = Release|Any CPU
		{9C4474AC-33AE-4B8C-964E-1E8272BE69B3}.Release|Any CPU.Build.0 = Release|Any CPU
		{F70D16D8-A376-4832-9652-097DB58295C5}.Debug|Any CPU.ActiveCfg = Debug|Any CPU
		{F70D16D8-A376-4832-9652-097DB58295C5}.Debug|Any CPU.Build.0 = Debug|Any CPU
		{F70D16D8-A376-4832-9652-097DB58295C5}.Release|Any CPU.ActiveCfg = Release|Any CPU
		{F70D16D8-A376-4832-9652-097DB58295C5}.Release|Any CPU.Build.0 = Release|Any CPU
		{67C7AD7F-42FF-4CD7-8306-9AFD2BD58A1A}.Debug|Any CPU.ActiveCfg = Debug|Any CPU
		{67C7AD7F-42FF-4CD7-8306-9AFD2BD58A1A}.Debug|Any CPU.Build.0 = Debug|Any CPU
		{67C7AD7F-42FF-4CD7-8306-9AFD2BD58A1A}.Release|Any CPU.ActiveCfg = Release|Any CPU
		{67C7AD7F-42FF-4CD7-8306-9AFD2BD58A1A}.Release|Any CPU.Build.0 = Release|Any CPU
		{164355B2-9EE3-4B28-8A68-AD681E6B197A}.Debug|Any CPU.ActiveCfg = Debug|Any CPU
		{164355B2-9EE3-4B28-8A68-AD681E6B197A}.Debug|Any CPU.Build.0 = Debug|Any CPU
		{164355B2-9EE3-4B28-8A68-AD681E6B197A}.Release|Any CPU.ActiveCfg = Release|Any CPU
		{164355B2-9EE3-4B28-8A68-AD681E6B197A}.Release|Any CPU.Build.0 = Release|Any CPU
		{D366D87F-CDA4-437A-AA24-4984DC60ABEF}.Debug|Any CPU.ActiveCfg = Debug|Any CPU
		{D366D87F-CDA4-437A-AA24-4984DC60ABEF}.Debug|Any CPU.Build.0 = Debug|Any CPU
		{D366D87F-CDA4-437A-AA24-4984DC60ABEF}.Release|Any CPU.ActiveCfg = Release|Any CPU
		{D366D87F-CDA4-437A-AA24-4984DC60ABEF}.Release|Any CPU.Build.0 = Release|Any CPU
		{B144666C-9191-4BCA-9521-5A4EC001F818}.Debug|Any CPU.ActiveCfg = Debug|Any CPU
		{B144666C-9191-4BCA-9521-5A4EC001F818}.Debug|Any CPU.Build.0 = Debug|Any CPU
		{B144666C-9191-4BCA-9521-5A4EC001F818}.Release|Any CPU.ActiveCfg = Release|Any CPU
		{B144666C-9191-4BCA-9521-5A4EC001F818}.Release|Any CPU.Build.0 = Release|Any CPU
		{9F571CE5-7A82-4EE9-AA0F-FF1F7718AA22}.Debug|Any CPU.ActiveCfg = Debug|Any CPU
		{9F571CE5-7A82-4EE9-AA0F-FF1F7718AA22}.Debug|Any CPU.Build.0 = Debug|Any CPU
		{9F571CE5-7A82-4EE9-AA0F-FF1F7718AA22}.Release|Any CPU.ActiveCfg = Release|Any CPU
		{9F571CE5-7A82-4EE9-AA0F-FF1F7718AA22}.Release|Any CPU.Build.0 = Release|Any CPU
		{703A0C9E-BDEC-4FD3-A05B-5599590860D2}.Debug|Any CPU.ActiveCfg = Debug
		{703A0C9E-BDEC-4FD3-A05B-5599590860D2}.Release|Any CPU.ActiveCfg = Release
		{703A0C9E-BDEC-4FD3-A05B-5599590860D2}.Release|Any CPU.Build.0 = Release
		{F1DA7650-7964-478A-BD6E-BB0D4864725D}.Debug|Any CPU.ActiveCfg = Debug|Any CPU
		{F1DA7650-7964-478A-BD6E-BB0D4864725D}.Debug|Any CPU.Build.0 = Debug|Any CPU
		{F1DA7650-7964-478A-BD6E-BB0D4864725D}.Release|Any CPU.ActiveCfg = Release|Any CPU
		{F1DA7650-7964-478A-BD6E-BB0D4864725D}.Release|Any CPU.Build.0 = Release|Any CPU
		{5A3F5998-9C10-4C04-8BC4-8583A5631C0C}.Debug|Any CPU.ActiveCfg = Debug|Any CPU
		{5A3F5998-9C10-4C04-8BC4-8583A5631C0C}.Debug|Any CPU.Build.0 = Debug|Any CPU
		{5A3F5998-9C10-4C04-8BC4-8583A5631C0C}.Release|Any CPU.ActiveCfg = Release|Any CPU
		{5A3F5998-9C10-4C04-8BC4-8583A5631C0C}.Release|Any CPU.Build.0 = Release|Any CPU
		{DF496459-386E-4C51-999A-009CA3373850}.Debug|Any CPU.ActiveCfg = Debug|Any CPU
		{DF496459-386E-4C51-999A-009CA3373850}.Debug|Any CPU.Build.0 = Debug|Any CPU
		{DF496459-386E-4C51-999A-009CA3373850}.Release|Any CPU.ActiveCfg = Release|Any CPU
		{DF496459-386E-4C51-999A-009CA3373850}.Release|Any CPU.Build.0 = Release|Any CPU
		{FC55DC4E-30C0-4BB8-AF3F-21BA5BC83EE0}.Debug|Any CPU.ActiveCfg = Debug|Any CPU
		{FC55DC4E-30C0-4BB8-AF3F-21BA5BC83EE0}.Debug|Any CPU.Build.0 = Debug|Any CPU
		{FC55DC4E-30C0-4BB8-AF3F-21BA5BC83EE0}.Release|Any CPU.ActiveCfg = Release|Any CPU
		{FC55DC4E-30C0-4BB8-AF3F-21BA5BC83EE0}.Release|Any CPU.Build.0 = Release|Any CPU
		{AB8A7D36-2901-420C-A8C2-DCEEA8DBC053}.Debug|Any CPU.ActiveCfg = Debug|Any CPU
		{AB8A7D36-2901-420C-A8C2-DCEEA8DBC053}.Debug|Any CPU.Build.0 = Debug|Any CPU
		{AB8A7D36-2901-420C-A8C2-DCEEA8DBC053}.Release|Any CPU.ActiveCfg = Release|Any CPU
		{AB8A7D36-2901-420C-A8C2-DCEEA8DBC053}.Release|Any CPU.Build.0 = Release|Any CPU
		{CC9B1BA0-61D9-4B45-B8CC-4485BA915C3E}.Debug|Any CPU.ActiveCfg = Debug|Any CPU
		{CC9B1BA0-61D9-4B45-B8CC-4485BA915C3E}.Debug|Any CPU.Build.0 = Debug|Any CPU
		{CC9B1BA0-61D9-4B45-B8CC-4485BA915C3E}.Release|Any CPU.ActiveCfg = Release|Any CPU
		{CC9B1BA0-61D9-4B45-B8CC-4485BA915C3E}.Release|Any CPU.Build.0 = Release|Any CPU
		{C0487268-44B6-4EC3-8D5D-98E2BB0AE1C4}.Debug|Any CPU.ActiveCfg = Debug|Any CPU
		{C0487268-44B6-4EC3-8D5D-98E2BB0AE1C4}.Release|Any CPU.ActiveCfg = Release|Any CPU
		{C0487268-44B6-4EC3-8D5D-98E2BB0AE1C4}.Release|Any CPU.Build.0 = Release|Any CPU
		{10CA53EC-0135-40F9-85C1-AEE88B5E437A}.Debug|Any CPU.ActiveCfg = Debug|Any CPU
		{10CA53EC-0135-40F9-85C1-AEE88B5E437A}.Release|Any CPU.ActiveCfg = Release|Any CPU
		{10CA53EC-0135-40F9-85C1-AEE88B5E437A}.Release|Any CPU.Build.0 = Release|Any CPU
		{3B70255C-94BB-4372-8635-23623323954A}.Debug|Any CPU.ActiveCfg = Debug|Any CPU
		{3B70255C-94BB-4372-8635-23623323954A}.Release|Any CPU.ActiveCfg = Release|Any CPU
		{3B70255C-94BB-4372-8635-23623323954A}.Release|Any CPU.Build.0 = Release|Any CPU
		{BE49EA23-4F07-4632-BA78-99A4CE18AA85}.Debug|Any CPU.ActiveCfg = Debug|Any CPU
		{BE49EA23-4F07-4632-BA78-99A4CE18AA85}.Debug|Any CPU.Build.0 = Debug|Any CPU
		{BE49EA23-4F07-4632-BA78-99A4CE18AA85}.Release|Any CPU.ActiveCfg = Release|Any CPU
		{BE49EA23-4F07-4632-BA78-99A4CE18AA85}.Release|Any CPU.Build.0 = Release|Any CPU
		{C9FE8A25-6393-4E71-8D7F-587FBFF06B34}.Debug|Any CPU.ActiveCfg = Debug|Any CPU
		{C9FE8A25-6393-4E71-8D7F-587FBFF06B34}.Debug|Any CPU.Build.0 = Debug|Any CPU
		{C9FE8A25-6393-4E71-8D7F-587FBFF06B34}.Release|Any CPU.ActiveCfg = Release|Any CPU
		{C9FE8A25-6393-4E71-8D7F-587FBFF06B34}.Release|Any CPU.Build.0 = Release|Any CPU
	EndGlobalSection
	GlobalSection(SolutionProperties) = preSolution
		HideSolutionNode = FALSE
	EndGlobalSection
	GlobalSection(NestedProjects) = preSolution
		{A8E39275-E33B-431E-837C-CA6AAB6170A3} = {EB752A28-5B41-4F71-BFB9-A70ADDFBB7DC}
		{6A731729-7CA6-423A-BC9A-AE329F9B231D} = {8B57728A-64F0-4955-A5D8-27AABE32D72D}
		{39D3FCF2-A5BC-4A2C-A8A1-DB1F6EB735ED} = {8B57728A-64F0-4955-A5D8-27AABE32D72D}
		{C036C176-E178-4CBC-81EF-A5B191490FE7} = {8B57728A-64F0-4955-A5D8-27AABE32D72D}
		{E8670BF3-C9A5-4172-A5BF-41FE6E7D7B9C} = {6A731729-7CA6-423A-BC9A-AE329F9B231D}
		{53E4758E-FC5B-452F-A76E-158350EECE05} = {6A731729-7CA6-423A-BC9A-AE329F9B231D}
		{7549A2E9-0CF6-449D-AB23-1657D8F10657} = {6A731729-7CA6-423A-BC9A-AE329F9B231D}
		{F3A18DF5-0F68-4490-9BA4-19391E8EBBC3} = {6A731729-7CA6-423A-BC9A-AE329F9B231D}
		{DF496459-386E-4C51-999A-009CA3373850} = {E8670BF3-C9A5-4172-A5BF-41FE6E7D7B9C}
		{FC55DC4E-30C0-4BB8-AF3F-21BA5BC83EE0} = {E8670BF3-C9A5-4172-A5BF-41FE6E7D7B9C}
		{C0C43757-B904-49A9-A97B-E786845F91CF} = {E8670BF3-C9A5-4172-A5BF-41FE6E7D7B9C}
		{5A3F5998-9C10-4C04-8BC4-8583A5631C0C} = {E8670BF3-C9A5-4172-A5BF-41FE6E7D7B9C}
		{AB8A7D36-2901-420C-A8C2-DCEEA8DBC053} = {53E4758E-FC5B-452F-A76E-158350EECE05}
		{CC9B1BA0-61D9-4B45-B8CC-4485BA915C3E} = {7549A2E9-0CF6-449D-AB23-1657D8F10657}
		{C335DCB5-7746-4564-AEEB-0AEBD8CFDA40} = {39D3FCF2-A5BC-4A2C-A8A1-DB1F6EB735ED}
		{30FA70B4-6BAA-4E73-970B-7AC1D1B8D725} = {39D3FCF2-A5BC-4A2C-A8A1-DB1F6EB735ED}
		{9F9FF204-70AA-4FA1-A4AD-BAA409137F2B} = {39D3FCF2-A5BC-4A2C-A8A1-DB1F6EB735ED}
		{A5259831-0A38-4747-AC28-374B52ADACE7} = {39D3FCF2-A5BC-4A2C-A8A1-DB1F6EB735ED}
		{C0487268-44B6-4EC3-8D5D-98E2BB0AE1C4} = {C335DCB5-7746-4564-AEEB-0AEBD8CFDA40}
		{10CA53EC-0135-40F9-85C1-AEE88B5E437A} = {30FA70B4-6BAA-4E73-970B-7AC1D1B8D725}
		{3EFBF0F8-4488-4793-8B25-8B9755F25F1C} = {C036C176-E178-4CBC-81EF-A5B191490FE7}
		{15558B18-232B-43A6-84D0-3F2BD4159977} = {C036C176-E178-4CBC-81EF-A5B191490FE7}
		{3F06A8E7-5E43-4686-A214-352158DDFEF0} = {C036C176-E178-4CBC-81EF-A5B191490FE7}
		{3B70255C-94BB-4372-8635-23623323954A} = {3EFBF0F8-4488-4793-8B25-8B9755F25F1C}
		{BE49EA23-4F07-4632-BA78-99A4CE18AA85} = {3EFBF0F8-4488-4793-8B25-8B9755F25F1C}
		{C9FE8A25-6393-4E71-8D7F-587FBFF06B34} = {3EFBF0F8-4488-4793-8B25-8B9755F25F1C}
		{50531984-1188-4FB3-A6F2-D7EA6C0914FA} = {15558B18-232B-43A6-84D0-3F2BD4159977}
		{F1DA7650-7964-478A-BD6E-BB0D4864725D} = {F3A18DF5-0F68-4490-9BA4-19391E8EBBC3}
	EndGlobalSection
EndGlobal
